Microsoft Visual Studio Solution File, Format Version 12.00
# Visual Studio Version 17
VisualStudioVersion = 17.0.31903.59
MinimumVisualStudioVersion = 10.0.40219.1
Project("{FAE04EC0-301F-11D3-BF4B-00C04F79EFBC}") = "SuppX.App", "src\SuppX.App\SuppX.App.csproj", "{F6E106D8-C3C3-4B4D-AC3E-D1CADF42F2B3}"
EndProject
Project("{FAE04EC0-301F-11D3-BF4B-00C04F79EFBC}") = "SuppX.Core", "src\SuppX.Core\SuppX.Core.csproj", "{D02ABE8C-5538-4F59-937D-E80DC32F8D94}"
EndProject
Project("{FAE04EC0-301F-11D3-BF4B-00C04F79EFBC}") = "SuppX.Storage", "src\SuppX.Storage\SuppX.Storage.csproj", "{4271EEF8-CF2B-41D0-AEA0-3EFFD2E7571F}"
EndProject
Project("{FAE04EC0-301F-11D3-BF4B-00C04F79EFBC}") = "SuppX.Service", "src\SuppX.Controller\SuppX.Service.csproj", "{39D20DC8-35BC-4D17-B68A-B7DA2A4DD7AD}"
EndProject
Project("{FAE04EC0-301F-11D3-BF4B-00C04F79EFBC}") = "SuppX.Domain", "src\SuppX.Domain\SuppX.Domain.csproj", "{DD95342E-0ACB-4953-A37A-693EF8267B23}"
EndProject
Project("{2150E333-8FDC-42A3-9474-1A3956D46DE8}") = "tests", "tests", "{951E4A61-66AA-4D66-AB60-D983CFBF0014}"
EndProject
Project("{FAE04EC0-301F-11D3-BF4B-00C04F79EFBC}") = "SuppX.Storage.Tests", "tests\SuppX.Storage.Tests\SuppX.Storage.Tests.csproj", "{20BFFB87-1FC3-4995-9DA2-0513CB000353}"
EndProject
Project("{FAE04EC0-301F-11D3-BF4B-00C04F79EFBC}") = "SuppX.Controller.Tests", "tests\SuppX.Controller.Tests\SuppX.Controller.Tests.csproj", "{05E73E7F-B08B-4A24-A048-86F4FEC59C2F}"
EndProject
Project("{2150E333-8FDC-42A3-9474-1A3956D46DE8}") = "src", "src", "{7D9F31CB-B47F-4A38-968B-3BEA3FC23099}"
EndProject
Global
	GlobalSection(SolutionConfigurationPlatforms) = preSolution
		Debug|Any CPU = Debug|Any CPU
		Debug|x64 = Debug|x64
		Debug|x86 = Debug|x86
		Release|Any CPU = Release|Any CPU
		Release|x64 = Release|x64
		Release|x86 = Release|x86
	EndGlobalSection
	GlobalSection(ProjectConfigurationPlatforms) = postSolution
		{F6E106D8-C3C3-4B4D-AC3E-D1CADF42F2B3}.Debug|Any CPU.ActiveCfg = Debug|Any CPU
		{F6E106D8-C3C3-4B4D-AC3E-D1CADF42F2B3}.Debug|Any CPU.Build.0 = Debug|Any CPU
		{F6E106D8-C3C3-4B4D-AC3E-D1CADF42F2B3}.Debug|x64.ActiveCfg = Debug|Any CPU
		{F6E106D8-C3C3-4B4D-AC3E-D1CADF42F2B3}.Debug|x64.Build.0 = Debug|Any CPU
		{F6E106D8-C3C3-4B4D-AC3E-D1CADF42F2B3}.Debug|x86.ActiveCfg = Debug|Any CPU
		{F6E106D8-C3C3-4B4D-AC3E-D1CADF42F2B3}.Debug|x86.Build.0 = Debug|Any CPU
		{F6E106D8-C3C3-4B4D-AC3E-D1CADF42F2B3}.Release|Any CPU.ActiveCfg = Release|Any CPU
		{F6E106D8-C3C3-4B4D-AC3E-D1CADF42F2B3}.Release|Any CPU.Build.0 = Release|Any CPU
		{F6E106D8-C3C3-4B4D-AC3E-D1CADF42F2B3}.Release|x64.ActiveCfg = Release|Any CPU
		{F6E106D8-C3C3-4B4D-AC3E-D1CADF42F2B3}.Release|x64.Build.0 = Release|Any CPU
		{F6E106D8-C3C3-4B4D-AC3E-D1CADF42F2B3}.Release|x86.ActiveCfg = Release|Any CPU
		{F6E106D8-C3C3-4B4D-AC3E-D1CADF42F2B3}.Release|x86.Build.0 = Release|Any CPU
		{D02ABE8C-5538-4F59-937D-E80DC32F8D94}.Debug|Any CPU.ActiveCfg = Debug|Any CPU
		{D02ABE8C-5538-4F59-937D-E80DC32F8D94}.Debug|Any CPU.Build.0 = Debug|Any CPU
		{D02ABE8C-5538-4F59-937D-E80DC32F8D94}.Debug|x64.ActiveCfg = Debug|Any CPU
		{D02ABE8C-5538-4F59-937D-E80DC32F8D94}.Debug|x64.Build.0 = Debug|Any CPU
		{D02ABE8C-5538-4F59-937D-E80DC32F8D94}.Debug|x86.ActiveCfg = Debug|Any CPU
		{D02ABE8C-5538-4F59-937D-E80DC32F8D94}.Debug|x86.Build.0 = Debug|Any CPU
		{D02ABE8C-5538-4F59-937D-E80DC32F8D94}.Release|Any CPU.ActiveCfg = Release|Any CPU
		{D02ABE8C-5538-4F59-937D-E80DC32F8D94}.Release|Any CPU.Build.0 = Release|Any CPU
		{D02ABE8C-5538-4F59-937D-E80DC32F8D94}.Release|x64.ActiveCfg = Release|Any CPU
		{D02ABE8C-5538-4F59-937D-E80DC32F8D94}.Release|x64.Build.0 = Release|Any CPU
		{D02ABE8C-5538-4F59-937D-E80DC32F8D94}.Release|x86.ActiveCfg = Release|Any CPU
		{D02ABE8C-5538-4F59-937D-E80DC32F8D94}.Release|x86.Build.0 = Release|Any CPU
		{4271EEF8-CF2B-41D0-AEA0-3EFFD2E7571F}.Debug|Any CPU.ActiveCfg = Debug|Any CPU
		{4271EEF8-CF2B-41D0-AEA0-3EFFD2E7571F}.Debug|Any CPU.Build.0 = Debug|Any CPU
		{4271EEF8-CF2B-41D0-AEA0-3EFFD2E7571F}.Debug|x64.ActiveCfg = Debug|Any CPU
		{4271EEF8-CF2B-41D0-AEA0-3EFFD2E7571F}.Debug|x64.Build.0 = Debug|Any CPU
		{4271EEF8-CF2B-41D0-AEA0-3EFFD2E7571F}.Debug|x86.ActiveCfg = Debug|Any CPU
		{4271EEF8-CF2B-41D0-AEA0-3EFFD2E7571F}.Debug|x86.Build.0 = Debug|Any CPU
		{4271EEF8-CF2B-41D0-AEA0-3EFFD2E7571F}.Release|Any CPU.ActiveCfg = Release|Any CPU
		{4271EEF8-CF2B-41D0-AEA0-3EFFD2E7571F}.Release|Any CPU.Build.0 = Release|Any CPU
		{4271EEF8-CF2B-41D0-AEA0-3EFFD2E7571F}.Release|x64.ActiveCfg = Release|Any CPU
		{4271EEF8-CF2B-41D0-AEA0-3EFFD2E7571F}.Release|x64.Build.0 = Release|Any CPU
		{4271EEF8-CF2B-41D0-AEA0-3EFFD2E7571F}.Release|x86.ActiveCfg = Release|Any CPU
		{4271EEF8-CF2B-41D0-AEA0-3EFFD2E7571F}.Release|x86.Build.0 = Release|Any CPU
		{39D20DC8-35BC-4D17-B68A-B7DA2A4DD7AD}.Debug|Any CPU.ActiveCfg = Debug|Any CPU
		{39D20DC8-35BC-4D17-B68A-B7DA2A4DD7AD}.Debug|Any CPU.Build.0 = Debug|Any CPU
		{39D20DC8-35BC-4D17-B68A-B7DA2A4DD7AD}.Debug|x64.ActiveCfg = Debug|Any CPU
		{39D20DC8-35BC-4D17-B68A-B7DA2A4DD7AD}.Debug|x64.Build.0 = Debug|Any CPU
		{39D20DC8-35BC-4D17-B68A-B7DA2A4DD7AD}.Debug|x86.ActiveCfg = Debug|Any CPU
		{39D20DC8-35BC-4D17-B68A-B7DA2A4DD7AD}.Debug|x86.Build.0 = Debug|Any CPU
		{39D20DC8-35BC-4D17-B68A-B7DA2A4DD7AD}.Release|Any CPU.ActiveCfg = Release|Any CPU
		{39D20DC8-35BC-4D17-B68A-B7DA2A4DD7AD}.Release|Any CPU.Build.0 = Release|Any CPU
		{39D20DC8-35BC-4D17-B68A-B7DA2A4DD7AD}.Release|x64.ActiveCfg = Release|Any CPU
		{39D20DC8-35BC-4D17-B68A-B7DA2A4DD7AD}.Release|x64.Build.0 = Release|Any CPU
		{39D20DC8-35BC-4D17-B68A-B7DA2A4DD7AD}.Release|x86.ActiveCfg = Release|Any CPU
		{39D20DC8-35BC-4D17-B68A-B7DA2A4DD7AD}.Release|x86.Build.0 = Release|Any CPU
		{DD95342E-0ACB-4953-A37A-693EF8267B23}.Debug|Any CPU.ActiveCfg = Debug|Any CPU
		{DD95342E-0ACB-4953-A37A-693EF8267B23}.Debug|Any CPU.Build.0 = Debug|Any CPU
		{DD95342E-0ACB-4953-A37A-693EF8267B23}.Debug|x64.ActiveCfg = Debug|Any CPU
		{DD95342E-0ACB-4953-A37A-693EF8267B23}.Debug|x64.Build.0 = Debug|Any CPU
		{DD95342E-0ACB-4953-A37A-693EF8267B23}.Debug|x86.ActiveCfg = Debug|Any CPU
		{DD95342E-0ACB-4953-A37A-693EF8267B23}.Debug|x86.Build.0 = Debug|Any CPU
		{DD95342E-0ACB-4953-A37A-693EF8267B23}.Release|Any CPU.ActiveCfg = Release|Any CPU
		{DD95342E-0ACB-4953-A37A-693EF8267B23}.Release|Any CPU.Build.0 = Release|Any CPU
		{DD95342E-0ACB-4953-A37A-693EF8267B23}.Release|x64.ActiveCfg = Release|Any CPU
		{DD95342E-0ACB-4953-A37A-693EF8267B23}.Release|x64.Build.0 = Release|Any CPU
		{DD95342E-0ACB-4953-A37A-693EF8267B23}.Release|x86.ActiveCfg = Release|Any CPU
		{DD95342E-0ACB-4953-A37A-693EF8267B23}.Release|x86.Build.0 = Release|Any CPU
		{20BFFB87-1FC3-4995-9DA2-0513CB000353}.Debug|Any CPU.ActiveCfg = Debug|Any CPU
		{20BFFB87-1FC3-4995-9DA2-0513CB000353}.Debug|Any CPU.Build.0 = Debug|Any CPU
		{20BFFB87-1FC3-4995-9DA2-0513CB000353}.Debug|x64.ActiveCfg = Debug|Any CPU
		{20BFFB87-1FC3-4995-9DA2-0513CB000353}.Debug|x64.Build.0 = Debug|Any CPU
		{20BFFB87-1FC3-4995-9DA2-0513CB000353}.Debug|x86.ActiveCfg = Debug|Any CPU
		{20BFFB87-1FC3-4995-9DA2-0513CB000353}.Debug|x86.Build.0 = Debug|Any CPU
		{20BFFB87-1FC3-4995-9DA2-0513CB000353}.Release|Any CPU.ActiveCfg = Release|Any CPU
		{20BFFB87-1FC3-4995-9DA2-0513CB000353}.Release|Any CPU.Build.0 = Release|Any CPU
		{20BFFB87-1FC3-4995-9DA2-0513CB000353}.Release|x64.ActiveCfg = Release|Any CPU
		{20BFFB87-1FC3-4995-9DA2-0513CB000353}.Release|x64.Build.0 = Release|Any CPU
		{20BFFB87-1FC3-4995-9DA2-0513CB000353}.Release|x86.ActiveCfg = Release|Any CPU
		{20BFFB87-1FC3-4995-9DA2-0513CB000353}.Release|x86.Build.0 = Release|Any CPU
		{05E73E7F-B08B-4A24-A048-86F4FEC59C2F}.Debug|Any CPU.ActiveCfg = Debug|Any CPU
		{05E73E7F-B08B-4A24-A048-86F4FEC59C2F}.Debug|Any CPU.Build.0 = Debug|Any CPU
		{05E73E7F-B08B-4A24-A048-86F4FEC59C2F}.Debug|x64.ActiveCfg = Debug|Any CPU
		{05E73E7F-B08B-4A24-A048-86F4FEC59C2F}.Debug|x64.Build.0 = Debug|Any CPU
		{05E73E7F-B08B-4A24-A048-86F4FEC59C2F}.Debug|x86.ActiveCfg = Debug|Any CPU
		{05E73E7F-B08B-4A24-A048-86F4FEC59C2F}.Debug|x86.Build.0 = Debug|Any CPU
		{05E73E7F-B08B-4A24-A048-86F4FEC59C2F}.Release|Any CPU.ActiveCfg = Release|Any CPU
		{05E73E7F-B08B-4A24-A048-86F4FEC59C2F}.Release|Any CPU.Build.0 = Release|Any CPU
		{05E73E7F-B08B-4A24-A048-86F4FEC59C2F}.Release|x64.ActiveCfg = Release|Any CPU
		{05E73E7F-B08B-4A24-A048-86F4FEC59C2F}.Release|x64.Build.0 = Release|Any CPU
		{05E73E7F-B08B-4A24-A048-86F4FEC59C2F}.Release|x86.ActiveCfg = Release|Any CPU
		{05E73E7F-B08B-4A24-A048-86F4FEC59C2F}.Release|x86.Build.0 = Release|Any CPU
	EndGlobalSection
	GlobalSection(SolutionProperties) = preSolution
		HideSolutionNode = FALSE
	EndGlobalSection
	GlobalSection(NestedProjects) = preSolution
		{F6E106D8-C3C3-4B4D-AC3E-D1CADF42F2B3} = {7D9F31CB-B47F-4A38-968B-3BEA3FC23099}
		{D02ABE8C-5538-4F59-937D-E80DC32F8D94} = {7D9F31CB-B47F-4A38-968B-3BEA3FC23099}
		{4271EEF8-CF2B-41D0-AEA0-3EFFD2E7571F} = {7D9F31CB-B47F-4A38-968B-3BEA3FC23099}
		{39D20DC8-35BC-4D17-B68A-B7DA2A4DD7AD} = {7D9F31CB-B47F-4A38-968B-3BEA3FC23099}
		{DD95342E-0ACB-4953-A37A-693EF8267B23} = {7D9F31CB-B47F-4A38-968B-3BEA3FC23099}
		{20BFFB87-1FC3-4995-9DA2-0513CB000353} = {951E4A61-66AA-4D66-AB60-D983CFBF0014}
		{05E73E7F-B08B-4A24-A048-86F4FEC59C2F} = {951E4A61-66AA-4D66-AB60-D983CFBF0014}
	EndGlobalSection
EndGlobal
